
Microsoft Visual Studio Solution File, Format Version 12.00
# Visual Studio Version 17
VisualStudioVersion = 17.3.32825.248
MinimumVisualStudioVersion = 10.0.40219.1
Project("{FAE04EC0-301F-11D3-BF4B-00C04F79EFBC}") = "Practikod_2", "Practikod_2\Practikod_2.csproj", "{858E271A-A55F-4B4C-8234-5A0B4B537829}"
EndProject
Global
	GlobalSection(SolutionConfigurationPlatforms) = preSolution
		Debug|Any CPU = Debug|Any CPU
		Release|Any CPU = Release|Any CPU
	EndGlobalSection
	GlobalSection(ProjectConfigurationPlatforms) = postSolution
		{858E271A-A55F-4B4C-8234-5A0B4B537829}.Debug|Any CPU.ActiveCfg = Debug|Any CPU
		{858E271A-A55F-4B4C-8234-5A0B4B537829}.Debug|Any CPU.Build.0 = Debug|Any CPU
		{858E271A-A55F-4B4C-8234-5A0B4B537829}.Release|Any CPU.ActiveCfg = Release|Any CPU
		{858E271A-A55F-4B4C-8234-5A0B4B537829}.Release|Any CPU.Build.0 = Release|Any CPU
	EndGlobalSection
	GlobalSection(SolutionProperties) = preSolution
		HideSolutionNode = FALSE
	EndGlobalSection
	GlobalSection(ExtensibilityGlobals) = postSolution
		SolutionGuid = {AE19D5E2-E332-420B-87CB-6D0BAD0EDEE2}
	EndGlobalSection
EndGlobal
